// !$*UTF8*$!
{
	archiveVersion = 1;
	classes = {
	};
	objectVersion = 46;
	objects = {

/* Begin PBXBuildFile section */
		BDACACFD1D5374A0000B3446 /* main.m in Sources */ = {isa = PBXBuildFile; fileRef = BDACACFC1D5374A0000B3446 /* main.m */; };
		BDACAD001D5374A0000B3446 /* AppDelegate.m in Sources */ = {isa = PBXBuildFile; fileRef = BDACACFF1D5374A0000B3446 /* AppDelegate.m */; };
		BDACAD031D5374A0000B3446 /* ViewController.m in Sources */ = {isa = PBXBuildFile; fileRef = BDACAD021D5374A0000B3446 /* ViewController.m */; };
		BDACAD061D5374A0000B3446 /* Main.storyboard in Resources */ = {isa = PBXBuildFile; fileRef = BDACAD041D5374A0000B3446 /* Main.storyboard */; };
		BDACAD081D5374A0000B3446 /* Assets.xcassets in Resources */ = {isa = PBXBuildFile; fileRef = BDACAD071D5374A0000B3446 /* Assets.xcassets */; };
		BDACAD0B1D5374A0000B3446 /* LaunchScreen.storyboard in Resources */ = {isa = PBXBuildFile; fileRef = BDACAD091D5374A0000B3446 /* LaunchScreen.storyboard */; };
		BDACAD161D5374A0000B3446 /* _5_block___Tests.m in Sources */ = {isa = PBXBuildFile; fileRef = BDACAD151D5374A0000B3446 /* _5_block___Tests.m */; };
		BDACAD211D5374A0000B3446 /* _5_block___UITests.m in Sources */ = {isa = PBXBuildFile; fileRef = BDACAD201D5374A0000B3446 /* _5_block___UITests.m */; };
		BDACAD301D5374C0000B3446 /* XFHttpTool.m in Sources */ = {isa = PBXBuildFile; fileRef = BDACAD2F1D5374C0000B3446 /* XFHttpTool.m */; };
/* End PBXBuildFile section */

/* Begin PBXContainerItemProxy section */
		BDACAD121D5374A0000B3446 /* PBXContainerItemProxy */ = {
			isa = PBXContainerItemProxy;
			containerPortal = BDACACF01D5374A0000B3446 /* Project object */;
			proxyType = 1;
			remoteGlobalIDString = BDACACF71D5374A0000B3446;
			remoteInfo = "15-block 回顾";
		};
		BDACAD1D1D5374A0000B3446 /* PBXContainerItemProxy */ = {
			isa = PBXContainerItemProxy;
			containerPortal = BDACACF01D5374A0000B3446 /* Project object */;
			proxyType = 1;
			remoteGlobalIDString = BDACACF71D5374A0000B3446;
			remoteInfo = "15-block 回顾";
		};
/* End PBXContainerItemProxy section */

/* Begin PBXFileReference section */
		BDACACF81D5374A0000B3446 /* 15-block 回顾.app */ = {isa = PBXFileReference; explicitFileType = wrapper.application; includeInIndex = 0; path = "15-block 回顾.app"; sourceTree = BUILT_PRODUCTS_DIR; };
		BDACACFC1D5374A0000B3446 /* main.m */ = {isa = PBXFileReference; lastKnownFileType = sourcecode.c.objc; path = main.m; sourceTree = "<group>"; };
		BDACACFE1D5374A0000B3446 /* AppDelegate.h */ = {isa = PBXFileReference; lastKnownFileType = sourcecode.c.h; path = AppDelegate.h; sourceTree = "<group>"; };
		BDACACFF1D5374A0000B3446 /* AppDelegate.m */ = {isa = PBXFileReference; lastKnownFileType = sourcecode.c.objc; path = AppDelegate.m; sourceTree = "<group>"; };
		BDACAD011D5374A0000B3446 /* ViewController.h */ = {isa = PBXFileReference; lastKnownFileType = sourcecode.c.h; path = ViewController.h; sourceTree = "<group>"; };
		BDACAD021D5374A0000B3446 /* ViewController.m */ = {isa = PBXFileReference; lastKnownFileType = sourcecode.c.objc; path = ViewController.m; sourceTree = "<group>"; };
		BDACAD051D5374A0000B3446 /* Base */ = {isa = PBXFileReference; lastKnownFileType = file.storyboard; name = Base; path = Base.lproj/Main.storyboard; sourceTree = "<group>"; };
		BDACAD071D5374A0000B3446 /* Assets.xcassets */ = {isa = PBXFileReference; lastKnownFileType = folder.assetcatalog; path = Assets.xcassets; sourceTree = "<group>"; };
		BDACAD0A1D5374A0000B3446 /* Base */ = {isa = PBXFileReference; lastKnownFileType = file.storyboard; name = Base; path = Base.lproj/LaunchScreen.storyboard; sourceTree = "<group>"; };
		BDACAD0C1D5374A0000B3446 /* Info.plist */ = {isa = PBXFileReference; lastKnownFileType = text.plist.xml; path = Info.plist; sourceTree = "<group>"; };
		BDACAD111D5374A0000B3446 /* 15-block 回顾Tests.xctest */ = {isa = PBXFileReference; explicitFileType = wrapper.cfbundle; includeInIndex = 0; path = "15-block 回顾Tests.xctest"; sourceTree = BUILT_PRODUCTS_DIR; };
		BDACAD151D5374A0000B3446 /* _5_block___Tests.m */ = {isa = PBXFileReference; lastKnownFileType = sourcecode.c.objc; path = "_5_block___Tests.m"; sourceTree = "<group>"; };
		BDACAD171D5374A0000B3446 /* Info.plist */ = {isa = PBXFileReference; lastKnownFileType = text.plist.xml; path = Info.plist; sourceTree = "<group>"; };
		BDACAD1C1D5374A0000B3446 /* 15-block 回顾UITests.xctest */ = {isa = PBXFileReference; explicitFileType = wrapper.cfbundle; includeInIndex = 0; path = "15-block 回顾UITests.xctest"; sourceTree = BUILT_PRODUCTS_DIR; };
		BDACAD201D5374A0000B3446 /* _5_block___UITests.m */ = {isa = PBXFileReference; lastKnownFileType = sourcecode.c.objc; path = "_5_block___UITests.m"; sourceTree = "<group>"; };
		BDACAD221D5374A0000B3446 /* Info.plist */ = {isa = PBXFileReference; lastKnownFileType = text.plist.xml; path = Info.plist; sourceTree = "<group>"; };
		BDACAD2E1D5374C0000B3446 /* XFHttpTool.h */ = {isa = PBXFileReference; fileEncoding = 4; lastKnownFileType = sourcecode.c.h; path = XFHttpTool.h; sourceTree = "<group>"; };
		BDACAD2F1D5374C0000B3446 /* XFHttpTool.m */ = {isa = PBXFileReference; fileEncoding = 4; lastKnownFileType = sourcecode.c.objc; path = XFHttpTool.m; sourceTree = "<group>"; };
/* End PBXFileReference section */

/* Begin PBXFrameworksBuildPhase section */
		BDACACF51D5374A0000B3446 /* Frameworks */ = {
			isa = PBXFrameworksBuildPhase;
			buildActionMask = 2147483647;
			files = (
			);
			runOnlyForDeploymentPostprocessing = 0;
		};
		BDACAD0E1D5374A0000B3446 /* Frameworks */ = {
			isa = PBXFrameworksBuildPhase;
			buildActionMask = 2147483647;
			files = (
			);
			runOnlyForDeploymentPostprocessing = 0;
		};
		BDACAD191D5374A0000B3446 /* Frameworks */ = {
			isa = PBXFrameworksBuildPhase;
			buildActionMask = 2147483647;
			files = (
			);
			runOnlyForDeploymentPostprocessing = 0;
		};
/* End PBXFrameworksBuildPhase section */

/* Begin PBXGroup section */
		BDACACEF1D5374A0000B3446 = {
			isa = PBXGroup;
			children = (
				BDACACFA1D5374A0000B3446 /* 15-block 回顾 */,
				BDACAD141D5374A0000B3446 /* 15-block 回顾Tests */,
				BDACAD1F1D5374A0000B3446 /* 15-block 回顾UITests */,
				BDACACF91D5374A0000B3446 /* Products */,
			);
			sourceTree = "<group>";
		};
		BDACACF91D5374A0000B3446 /* Products */ = {
			isa = PBXGroup;
			children = (
				BDACACF81D5374A0000B3446 /* 15-block 回顾.app */,
				BDACAD111D5374A0000B3446 /* 15-block 回顾Tests.xctest */,
				BDACAD1C1D5374A0000B3446 /* 15-block 回顾UITests.xctest */,
			);
			name = Products;
			sourceTree = "<group>";
		};
		BDACACFA1D5374A0000B3446 /* 15-block 回顾 */ = {
			isa = PBXGroup;
			children = (
				BDACACFE1D5374A0000B3446 /* AppDelegate.h */,
				BDACACFF1D5374A0000B3446 /* AppDelegate.m */,
				BDACAD011D5374A0000B3446 /* ViewController.h */,
				BDACAD021D5374A0000B3446 /* ViewController.m */,
				BDACAD2E1D5374C0000B3446 /* XFHttpTool.h */,
				BDACAD2F1D5374C0000B3446 /* XFHttpTool.m */,
				BDACAD041D5374A0000B3446 /* Main.storyboard */,
				BDACAD071D5374A0000B3446 /* Assets.xcassets */,
				BDACAD091D5374A0000B3446 /* LaunchScreen.storyboard */,
				BDACAD0C1D5374A0000B3446 /* Info.plist */,
				BDACACFB1D5374A0000B3446 /* Supporting Files */,
			);
			path = "15-block 回顾";
			sourceTree = "<group>";
		};
		BDACACFB1D5374A0000B3446 /* Supporting Files */ = {
			isa = PBXGroup;
			children = (
				BDACACFC1D5374A0000B3446 /* main.m */,
			);
			name = "Supporting Files";
			sourceTree = "<group>";
		};
		BDACAD141D5374A0000B3446 /* 15-block 回顾Tests */ = {
			isa = PBXGroup;
			children = (
				BDACAD151D5374A0000B3446 /* _5_block___Tests.m */,
				BDACAD171D5374A0000B3446 /* Info.plist */,
			);
			path = "15-block 回顾Tests";
			sourceTree = "<group>";
		};
		BDACAD1F1D5374A0000B3446 /* 15-block 回顾UITests */ = {
			isa = PBXGroup;
			children = (
				BDACAD201D5374A0000B3446 /* _5_block___UITests.m */,
				BDACAD221D5374A0000B3446 /* Info.plist */,
			);
			path = "15-block 回顾UITests";
			sourceTree = "<group>";
		};
/* End PBXGroup section */

/* Begin PBXNativeTarget section */
		BDACACF71D5374A0000B3446 /* 15-block 回顾 */ = {
			isa = PBXNativeTarget;
			buildConfigurationList = BDACAD251D5374A0000B3446 /* Build configuration list for PBXNativeTarget "15-block 回顾" */;
			buildPhases = (
				BDACACF41D5374A0000B3446 /* Sources */,
				BDACACF51D5374A0000B3446 /* Frameworks */,
				BDACACF61D5374A0000B3446 /* Resources */,
			);
			buildRules = (
			);
			dependencies = (
			);
			name = "15-block 回顾";
			productName = "15-block 回顾";
			productReference = BDACACF81D5374A0000B3446 /* 15-block 回顾.app */;
			productType = "com.apple.product-type.application";
		};
		BDACAD101D5374A0000B3446 /* 15-block 回顾Tests */ = {
			isa = PBXNativeTarget;
			buildConfigurationList = BDACAD281D5374A0000B3446 /* Build configuration list for PBXNativeTarget "15-block 回顾Tests" */;
			buildPhases = (
				BDACAD0D1D5374A0000B3446 /* Sources */,
				BDACAD0E1D5374A0000B3446 /* Frameworks */,
				BDACAD0F1D5374A0000B3446 /* Resources */,
			);
			buildRules = (
			);
			dependencies = (
				BDACAD131D5374A0000B3446 /* PBXTargetDependency */,
			);
			name = "15-block 回顾Tests";
			productName = "15-block 回顾Tests";
			productReference = BDACAD111D5374A0000B3446 /* 15-block 回顾Tests.xctest */;
			productType = "com.apple.product-type.bundle.unit-test";
		};
		BDACAD1B1D5374A0000B3446 /* 15-block 回顾UITests */ = {
			isa = PBXNativeTarget;
			buildConfigurationList = BDACAD2B1D5374A0000B3446 /* Build configuration list for PBXNativeTarget "15-block 回顾UITests" */;
			buildPhases = (
				BDACAD181D5374A0000B3446 /* Sources */,
				BDACAD191D5374A0000B3446 /* Frameworks */,
				BDACAD1A1D5374A0000B3446 /* Resources */,
			);
			buildRules = (
			);
			dependencies = (
				BDACAD1E1D5374A0000B3446 /* PBXTargetDependency */,
			);
			name = "15-block 回顾UITests";
			productName = "15-block 回顾UITests";
			productReference = BDACAD1C1D5374A0000B3446 /* 15-block 回顾UITests.xctest */;
			productType = "com.apple.product-type.bundle.ui-testing";
		};
/* End PBXNativeTarget section */

/* Begin PBXProject section */
		BDACACF01D5374A0000B3446 /* Project object */ = {
			isa = PBXProject;
			attributes = {
				LastUpgradeCheck = 0720;
				ORGANIZATIONNAME = xiaofan;
				TargetAttributes = {
					BDACACF71D5374A0000B3446 = {
						CreatedOnToolsVersion = 7.2.1;
					};
					BDACAD101D5374A0000B3446 = {
						CreatedOnToolsVersion = 7.2.1;
						TestTargetID = BDACACF71D5374A0000B3446;
					};
					BDACAD1B1D5374A0000B3446 = {
						CreatedOnToolsVersion = 7.2.1;
						TestTargetID = BDACACF71D5374A0000B3446;
					};
				};
			};
			buildConfigurationList = BDACACF31D5374A0000B3446 /* Build configuration list for PBXProject "15-block 回顾" */;
			compatibilityVersion = "Xcode 3.2";
			developmentRegion = English;
			hasScannedForEncodings = 0;
			knownRegions = (
				en,
				Base,
			);
			mainGroup = BDACACEF1D5374A0000B3446;
			productRefGroup = BDACACF91D5374A0000B3446 /* Products */;
			projectDirPath = "";
			projectRoot = "";
			targets = (
				BDACACF71D5374A0000B3446 /* 15-block 回顾 */,
				BDACAD101D5374A0000B3446 /* 15-block 回顾Tests */,
				BDACAD1B1D5374A0000B3446 /* 15-block 回顾UITests */,
			);
		};
/* End PBXProject section */

/* Begin PBXResourcesBuildPhase section */
		BDACACF61D5374A0000B3446 /* Resources */ = {
			isa = PBXResourcesBuildPhase;
			buildActionMask = 2147483647;
			files = (
				BDACAD0B1D5374A0000B3446 /* LaunchScreen.storyboard in Resources */,
				BDACAD081D5374A0000B3446 /* Assets.xcassets in Resources */,
				BDACAD061D5374A0000B3446 /* Main.storyboard in Resources */,
			);
			runOnlyForDeploymentPostprocessing = 0;
		};
		BDACAD0F1D5374A0000B3446 /* Resources */ = {
			isa = PBXResourcesBuildPhase;
			buildActionMask = 2147483647;
			files = (
			);
			runOnlyForDeploymentPostprocessing = 0;
		};
		BDACAD1A1D5374A0000B3446 /* Resources */ = {
			isa = PBXResourcesBuildPhase;
			buildActionMask = 2147483647;
			files = (
			);
			runOnlyForDeploymentPostprocessing = 0;
		};
/* End PBXResourcesBuildPhase section */

/* Begin PBXSourcesBuildPhase section */
		BDACACF41D5374A0000B3446 /* Sources */ = {
			isa = PBXSourcesBuildPhase;
			buildActionMask = 2147483647;
			files = (
				BDACAD031D5374A0000B3446 /* ViewController.m in Sources */,
				BDACAD001D5374A0000B3446 /* AppDelegate.m in Sources */,
				BDACACFD1D5374A0000B3446 /* main.m in Sources */,
				BDACAD301D5374C0000B3446 /* XFHttpTool.m in Sources */,
			);
			runOnlyForDeploymentPostprocessing = 0;
		};
		BDACAD0D1D5374A0000B3446 /* Sources */ = {
			isa = PBXSourcesBuildPhase;
			buildActionMask = 2147483647;
			files = (
				BDACAD161D5374A0000B3446 /* _5_block___Tests.m in Sources */,
			);
			runOnlyForDeploymentPostprocessing = 0;
		};
		BDACAD181D5374A0000B3446 /* Sources */ = {
			isa = PBXSourcesBuildPhase;
			buildActionMask = 2147483647;
			files = (
				BDACAD211D5374A0000B3446 /* _5_block___UITests.m in Sources */,
			);
			runOnlyForDeploymentPostprocessing = 0;
		};
/* End PBXSourcesBuildPhase section */

/* Begin PBXTargetDependency section */
		BDACAD131D5374A0000B3446 /* PBXTargetDependency */ = {
			isa = PBXTargetDependency;
			target = BDACACF71D5374A0000B3446 /* 15-block 回顾 */;
			targetProxy = BDACAD121D5374A0000B3446 /* PBXContainerItemProxy */;
		};
		BDACAD1E1D5374A0000B3446 /* PBXTargetDependency */ = {
			isa = PBXTargetDependency;
			target = BDACACF71D5374A0000B3446 /* 15-block 回顾 */;
			targetProxy = BDACAD1D1D5374A0000B3446 /* PBXContainerItemProxy */;
		};
/* End PBXTargetDependency section */

/* Begin PBXVariantGroup section */
		BDACAD041D5374A0000B3446 /* Main.storyboard */ = {
			isa = PBXVariantGroup;
			children = (
				BDACAD051D5374A0000B3446 /* Base */,
			);
			name = Main.storyboard;
			sourceTree = "<group>";
		};
		BDACAD091D5374A0000B3446 /* LaunchScreen.storyboard */ = {
			isa = PBXVariantGroup;
			children = (
				BDACAD0A1D5374A0000B3446 /* Base */,
			);
			name = LaunchScreen.storyboard;
			sourceTree = "<group>";
		};
/* End PBXVariantGroup section */

/* Begin XCBuildConfiguration section */
		BDACAD231D5374A0000B3446 /* Debug */ = {
			isa = XCBuildConfiguration;
			buildSettings = {
				ALWAYS_SEARCH_USER_PATHS = NO;
				CLANG_CXX_LANGUAGE_STANDARD = "gnu++0x";
				CLANG_CXX_LIBRARY = "libc++";
				CLANG_ENABLE_MODULES = YES;
				CLANG_ENABLE_OBJC_ARC = YES;
				CLANG_WARN_BOOL_CONVERSION = YES;
				CLANG_WARN_CONSTANT_CONVERSION = YES;
				CLANG_WARN_DIRECT_OBJC_ISA_USAGE = YES_ERROR;
				CLANG_WARN_EMPTY_BODY = YES;
				CLANG_WARN_ENUM_CONVERSION = YES;
				CLANG_WARN_INT_CONVERSION = YES;
				CLANG_WARN_OBJC_ROOT_CLASS = YES_ERROR;
				CLANG_WARN_UNREACHABLE_CODE = YES;
				CLANG_WARN__DUPLICATE_METHOD_MATCH = YES;
				"CODE_SIGN_IDENTITY[sdk=iphoneos*]" = "iPhone Developer";
				COPY_PHASE_STRIP = NO;
				DEBUG_INFORMATION_FORMAT = dwarf;
				ENABLE_STRICT_OBJC_MSGSEND = YES;
				ENABLE_TESTABILITY = YES;
				GCC_C_LANGUAGE_STANDARD = gnu99;
				GCC_DYNAMIC_NO_PIC = NO;
				GCC_NO_COMMON_BLOCKS = YES;
				GCC_OPTIMIZATION_LEVEL = 0;
				GCC_PREPROCESSOR_DEFINITIONS = (
					"DEBUG=1",
					"$(inherited)",
				);
				GCC_WARN_64_TO_32_BIT_CONVERSION = YES;
				GCC_WARN_ABOUT_RETURN_TYPE = YES_ERROR;
				GCC_WARN_UNDECLARED_SELECTOR = YES;
				GCC_WARN_UNINITIALIZED_AUTOS = YES_AGGRESSIVE;
				GCC_WARN_UNUSED_FUNCTION = YES;
				GCC_WARN_UNUSED_VARIABLE = YES;
				IPHONEOS_DEPLOYMENT_TARGET = 9.2;
				MTL_ENABLE_DEBUG_INFO = YES;
				ONLY_ACTIVE_ARCH = YES;
				SDKROOT = iphoneos;
			};
			name = Debug;
		};
		BDACAD241D5374A0000B3446 /* Release */ = {
			isa = XCBuildConfiguration;
			buildSettings = {
				ALWAYS_SEARCH_USER_PATHS = NO;
				CLANG_CXX_LANGUAGE_STANDARD = "gnu++0x";
				CLANG_CXX_LIBRARY = "libc++";
				CLANG_ENABLE_MODULES = YES;
				CLANG_ENABLE_OBJC_ARC = YES;
				CLANG_WARN_BOOL_CONVERSION = YES;
				CLANG_WARN_CONSTANT_CONVERSION = YES;
				CLANG_WARN_DIRECT_OBJC_ISA_USAGE = YES_ERROR;
				CLANG_WARN_EMPTY_BODY = YES;
				CLANG_WARN_ENUM_CONVERSION = YES;
				CLANG_WARN_INT_CONVERSION = YES;
				CLANG_WARN_OBJC_ROOT_CLASS = YES_ERROR;
				CLANG_WARN_UNREACHABLE_CODE = YES;
				CLANG_WARN__DUPLICATE_METHOD_MATCH = YES;
				"CODE_SIGN_IDENTITY[sdk=iphoneos*]" = "iPhone Developer";
				COPY_PHASE_STRIP = NO;
				DEBUG_INFORMATION_FORMAT = "dwarf-with-dsym";
				ENABLE_NS_ASSERTIONS = NO;
				ENABLE_STRICT_OBJC_MSGSEND = YES;
				GCC_C_LANGUAGE_STANDARD = gnu99;
				GCC_NO_COMMON_BLOCKS = YES;
				GCC_WARN_64_TO_32_BIT_CONVERSION = YES;
				GCC_WARN_ABOUT_RETURN_TYPE = YES_ERROR;
				GCC_WARN_UNDECLARED_SELECTOR = YES;
				GCC_WARN_UNINITIALIZED_AUTOS = YES_AGGRESSIVE;
				GCC_WARN_UNUSED_FUNCTION = YES;
				GCC_WARN_UNUSED_VARIABLE = YES;
				IPHONEOS_DEPLOYMENT_TARGET = 9.2;
				MTL_ENABLE_DEBUG_INFO = NO;
				SDKROOT = iphoneos;
				VALIDATE_PRODUCT = YES;
			};
			name = Release;
		};
		BDACAD261D5374A0000B3446 /* Debug */ = {
			isa = XCBuildConfiguration;
			buildSettings = {
				ASSETCATALOG_COMPILER_APPICON_NAME = AppIcon;
				INFOPLIST_FILE = "15-block 回顾/Info.plist";
				LD_RUNPATH_SEARCH_PATHS = "$(inherited) @executable_path/Frameworks";
				PRODUCT_BUNDLE_IDENTIFIER = "com.dvxiaofan.-5-block---";
				PRODUCT_NAME = "$(TARGET_NAME)";
			};
			name = Debug;
		};
		BDACAD271D5374A0000B3446 /* Release */ = {
			isa = XCBuildConfiguration;
			buildSettings = {
				ASSETCATALOG_COMPILER_APPICON_NAME = AppIcon;
				INFOPLIST_FILE = "15-block 回顾/Info.plist";
				LD_RUNPATH_SEARCH_PATHS = "$(inherited) @executable_path/Frameworks";
				PRODUCT_BUNDLE_IDENTIFIER = "com.dvxiaofan.-5-block---";
				PRODUCT_NAME = "$(TARGET_NAME)";
			};
			name = Release;
		};
		BDACAD291D5374A0000B3446 /* Debug */ = {
			isa = XCBuildConfiguration;
			buildSettings = {
				BUNDLE_LOADER = "$(TEST_HOST)";
				INFOPLIST_FILE = "15-block 回顾Tests/Info.plist";
				LD_RUNPATH_SEARCH_PATHS = "$(inherited) @executable_path/Frameworks @loader_path/Frameworks";
				PRODUCT_BUNDLE_IDENTIFIER = "com.dvxiaofan.-5-block---Tests";
				PRODUCT_NAME = "$(TARGET_NAME)";
				TEST_HOST = "$(BUILT_PRODUCTS_DIR)/15-block 回顾.app/15-block 回顾";
			};
			name = Debug;
		};
		BDACAD2A1D5374A0000B3446 /* Release */ = {
			isa = XCBuildConfiguration;
			buildSettings = {
				BUNDLE_LOADER = "$(TEST_HOST)";
				INFOPLIST_FILE = "15-block 回顾Tests/Info.plist";
				LD_RUNPATH_SEARCH_PATHS = "$(inherited) @executable_path/Frameworks @loader_path/Frameworks";
				PRODUCT_BUNDLE_IDENTIFIER = "com.dvxiaofan.-5-block---Tests";
				PRODUCT_NAME = "$(TARGET_NAME)";
				TEST_HOST = "$(BUILT_PRODUCTS_DIR)/15-block 回顾.app/15-block 回顾";
			};
			name = Release;
		};
		BDACAD2C1D5374A0000B3446 /* Debug */ = {
			isa = XCBuildConfiguration;
			buildSettings = {
				INFOPLIST_FILE = "15-block 回顾UITests/Info.plist";
				LD_RUNPATH_SEARCH_PATHS = "$(inherited) @executable_path/Frameworks @loader_path/Frameworks";
				PRODUCT_BUNDLE_IDENTIFIER = "com.dvxiaofan.-5-block---UITests";
				PRODUCT_NAME = "$(TARGET_NAME)";
				TEST_TARGET_NAME = "15-block 回顾";
				USES_XCTRUNNER = YES;
			};
			name = Debug;
		};
		BDACAD2D1D5374A0000B3446 /* Release */ = {
			isa = XCBuildConfiguration;
			buildSettings = {
				INFOPLIST_FILE = "15-block 回顾UITests/Info.plist";
				LD_RUNPATH_SEARCH_PATHS = "$(inherited) @executable_path/Frameworks @loader_path/Frameworks";
				PRODUCT_BUNDLE_IDENTIFIER = "com.dvxiaofan.-5-block---UITests";
				PRODUCT_NAME = "$(TARGET_NAME)";
				TEST_TARGET_NAME = "15-block 回顾";
				USES_XCTRUNNER = YES;
			};
			name = Release;
		};
/* End XCBuildConfiguration section */

/* Begin XCConfigurationList section */
		BDACACF31D5374A0000B3446 /* Build configuration list for PBXProject "15-block 回顾" */ = {
			isa = XCConfigurationList;
			buildConfigurations = (
				BDACAD231D5374A0000B3446 /* Debug */,
				BDACAD241D5374A0000B3446 /* Release */,
			);
			defaultConfigurationIsVisible = 0;
			defaultConfigurationName = Release;
		};
		BDACAD251D5374A0000B3446 /* Build configuration list for PBXNativeTarget "15-block 回顾" */ = {
			isa = XCConfigurationList;
			buildConfigurations = (
				BDACAD261D5374A0000B3446 /* Debug */,
				BDACAD271D5374A0000B3446 /* Release */,
			);
			defaultConfigurationIsVisible = 0;
		};
		BDACAD281D5374A0000B3446 /* Build configuration list for PBXNativeTarget "15-block 回顾Tests" */ = {
			isa = XCConfigurationList;
			buildConfigurations = (
				BDACAD291D5374A0000B3446 /* Debug */,
				BDACAD2A1D5374A0000B3446 /* Release */,
			);
			defaultConfigurationIsVisible = 0;
		};
		BDACAD2B1D5374A0000B3446 /* Build configuration list for PBXNativeTarget "15-block 回顾UITests" */ = {
			isa = XCConfigurationList;
			buildConfigurations = (
				BDACAD2C1D5374A0000B3446 /* Debug */,
				BDACAD2D1D5374A0000B3446 /* Release */,
			);
			defaultConfigurationIsVisible = 0;
		};
/* End XCConfigurationList section */
	};
	rootObject = BDACACF01D5374A0000B3446 /* Project object */;
}
