// !$*UTF8*$!
{
	archiveVersion = 1;
	classes = {
	};
	objectVersion = 46;
	objects = {

/* Begin PBXBuildFile section */
		BDEF6B6F1D798FFC002F3FBA /* AppDelegate.swift in Sources */ = {isa = PBXBuildFile; fileRef = BDEF6B6E1D798FFC002F3FBA /* AppDelegate.swift */; };
		BDEF6B711D798FFC002F3FBA /* ViewController.swift in Sources */ = {isa = PBXBuildFile; fileRef = BDEF6B701D798FFC002F3FBA /* ViewController.swift */; };
		BDEF6B741D798FFC002F3FBA /* Main.storyboard in Resources */ = {isa = PBXBuildFile; fileRef = BDEF6B721D798FFC002F3FBA /* Main.storyboard */; };
		BDEF6B761D798FFC002F3FBA /* Assets.xcassets in Resources */ = {isa = PBXBuildFile; fileRef = BDEF6B751D798FFC002F3FBA /* Assets.xcassets */; };
		BDEF6B791D798FFC002F3FBA /* LaunchScreen.storyboard in Resources */ = {isa = PBXBuildFile; fileRef = BDEF6B771D798FFC002F3FBA /* LaunchScreen.storyboard */; };
		BDEF6B841D798FFC002F3FBA /* WebviewTests.swift in Sources */ = {isa = PBXBuildFile; fileRef = BDEF6B831D798FFC002F3FBA /* WebviewTests.swift */; };
		BDEF6B8F1D798FFC002F3FBA /* WebviewUITests.swift in Sources */ = {isa = PBXBuildFile; fileRef = BDEF6B8E1D798FFC002F3FBA /* WebviewUITests.swift */; };
/* End PBXBuildFile section */

/* Begin PBXContainerItemProxy section */
		BDEF6B801D798FFC002F3FBA /* PBXContainerItemProxy */ = {
			isa = PBXContainerItemProxy;
			containerPortal = BDEF6B631D798FFC002F3FBA /* Project object */;
			proxyType = 1;
			remoteGlobalIDString = BDEF6B6A1D798FFC002F3FBA;
			remoteInfo = Webview;
		};
		BDEF6B8B1D798FFC002F3FBA /* PBXContainerItemProxy */ = {
			isa = PBXContainerItemProxy;
			containerPortal = BDEF6B631D798FFC002F3FBA /* Project object */;
			proxyType = 1;
			remoteGlobalIDString = BDEF6B6A1D798FFC002F3FBA;
			remoteInfo = Webview;
		};
/* End PBXContainerItemProxy section */

/* Begin PBXFileReference section */
		BDEF6B6B1D798FFC002F3FBA /* Webview.app */ = {isa = PBXFileReference; explicitFileType = wrapper.application; includeInIndex = 0; path = Webview.app; sourceTree = BUILT_PRODUCTS_DIR; };
		BDEF6B6E1D798FFC002F3FBA /* AppDelegate.swift */ = {isa = PBXFileReference; lastKnownFileType = sourcecode.swift; path = AppDelegate.swift; sourceTree = "<group>"; };
		BDEF6B701D798FFC002F3FBA /* ViewController.swift */ = {isa = PBXFileReference; lastKnownFileType = sourcecode.swift; path = ViewController.swift; sourceTree = "<group>"; };
		BDEF6B731D798FFC002F3FBA /* Base */ = {isa = PBXFileReference; lastKnownFileType = file.storyboard; name = Base; path = Base.lproj/Main.storyboard; sourceTree = "<group>"; };
		BDEF6B751D798FFC002F3FBA /* Assets.xcassets */ = {isa = PBXFileReference; lastKnownFileType = folder.assetcatalog; path = Assets.xcassets; sourceTree = "<group>"; };
		BDEF6B781D798FFC002F3FBA /* Base */ = {isa = PBXFileReference; lastKnownFileType = file.storyboard; name = Base; path = Base.lproj/LaunchScreen.storyboard; sourceTree = "<group>"; };
		BDEF6B7A1D798FFC002F3FBA /* Info.plist */ = {isa = PBXFileReference; lastKnownFileType = text.plist.xml; path = Info.plist; sourceTree = "<group>"; };
		BDEF6B7F1D798FFC002F3FBA /* WebviewTests.xctest */ = {isa = PBXFileReference; explicitFileType = wrapper.cfbundle; includeInIndex = 0; path = WebviewTests.xctest; sourceTree = BUILT_PRODUCTS_DIR; };
		BDEF6B831D798FFC002F3FBA /* WebviewTests.swift */ = {isa = PBXFileReference; lastKnownFileType = sourcecode.swift; path = WebviewTests.swift; sourceTree = "<group>"; };
		BDEF6B851D798FFC002F3FBA /* Info.plist */ = {isa = PBXFileReference; lastKnownFileType = text.plist.xml; path = Info.plist; sourceTree = "<group>"; };
		BDEF6B8A1D798FFC002F3FBA /* WebviewUITests.xctest */ = {isa = PBXFileReference; explicitFileType = wrapper.cfbundle; includeInIndex = 0; path = WebviewUITests.xctest; sourceTree = BUILT_PRODUCTS_DIR; };
		BDEF6B8E1D798FFC002F3FBA /* WebviewUITests.swift */ = {isa = PBXFileReference; lastKnownFileType = sourcecode.swift; path = WebviewUITests.swift; sourceTree = "<group>"; };
		BDEF6B901D798FFC002F3FBA /* Info.plist */ = {isa = PBXFileReference; lastKnownFileType = text.plist.xml; path = Info.plist; sourceTree = "<group>"; };
/* End PBXFileReference section */

/* Begin PBXFrameworksBuildPhase section */
		BDEF6B681D798FFC002F3FBA /* Frameworks */ = {
			isa = PBXFrameworksBuildPhase;
			buildActionMask = 2147483647;
			files = (
			);
			runOnlyForDeploymentPostprocessing = 0;
		};
		BDEF6B7C1D798FFC002F3FBA /* Frameworks */ = {
			isa = PBXFrameworksBuildPhase;
			buildActionMask = 2147483647;
			files = (
			);
			runOnlyForDeploymentPostprocessing = 0;
		};
		BDEF6B871D798FFC002F3FBA /* Frameworks */ = {
			isa = PBXFrameworksBuildPhase;
			buildActionMask = 2147483647;
			files = (
			);
			runOnlyForDeploymentPostprocessing = 0;
		};
/* End PBXFrameworksBuildPhase section */

/* Begin PBXGroup section */
		BDEF6B621D798FFC002F3FBA = {
			isa = PBXGroup;
			children = (
				BDEF6B6D1D798FFC002F3FBA /* Webview */,
				BDEF6B821D798FFC002F3FBA /* WebviewTests */,
				BDEF6B8D1D798FFC002F3FBA /* WebviewUITests */,
				BDEF6B6C1D798FFC002F3FBA /* Products */,
			);
			sourceTree = "<group>";
		};
		BDEF6B6C1D798FFC002F3FBA /* Products */ = {
			isa = PBXGroup;
			children = (
				BDEF6B6B1D798FFC002F3FBA /* Webview.app */,
				BDEF6B7F1D798FFC002F3FBA /* WebviewTests.xctest */,
				BDEF6B8A1D798FFC002F3FBA /* WebviewUITests.xctest */,
			);
			name = Products;
			sourceTree = "<group>";
		};
		BDEF6B6D1D798FFC002F3FBA /* Webview */ = {
			isa = PBXGroup;
			children = (
				BDEF6B6E1D798FFC002F3FBA /* AppDelegate.swift */,
				BDEF6B701D798FFC002F3FBA /* ViewController.swift */,
				BDEF6B721D798FFC002F3FBA /* Main.storyboard */,
				BDEF6B751D798FFC002F3FBA /* Assets.xcassets */,
				BDEF6B771D798FFC002F3FBA /* LaunchScreen.storyboard */,
				BDEF6B7A1D798FFC002F3FBA /* Info.plist */,
			);
			path = Webview;
			sourceTree = "<group>";
		};
		BDEF6B821D798FFC002F3FBA /* WebviewTests */ = {
			isa = PBXGroup;
			children = (
				BDEF6B831D798FFC002F3FBA /* WebviewTests.swift */,
				BDEF6B851D798FFC002F3FBA /* Info.plist */,
			);
			path = WebviewTests;
			sourceTree = "<group>";
		};
		BDEF6B8D1D798FFC002F3FBA /* WebviewUITests */ = {
			isa = PBXGroup;
			children = (
				BDEF6B8E1D798FFC002F3FBA /* WebviewUITests.swift */,
				BDEF6B901D798FFC002F3FBA /* Info.plist */,
			);
			path = WebviewUITests;
			sourceTree = "<group>";
		};
/* End PBXGroup section */

/* Begin PBXNativeTarget section */
		BDEF6B6A1D798FFC002F3FBA /* Webview */ = {
			isa = PBXNativeTarget;
			buildConfigurationList = BDEF6B931D798FFC002F3FBA /* Build configuration list for PBXNativeTarget "Webview" */;
			buildPhases = (
				BDEF6B671D798FFC002F3FBA /* Sources */,
				BDEF6B681D798FFC002F3FBA /* Frameworks */,
				BDEF6B691D798FFC002F3FBA /* Resources */,
			);
			buildRules = (
			);
			dependencies = (
			);
			name = Webview;
			productName = Webview;
			productReference = BDEF6B6B1D798FFC002F3FBA /* Webview.app */;
			productType = "com.apple.product-type.application";
		};
		BDEF6B7E1D798FFC002F3FBA /* WebviewTests */ = {
			isa = PBXNativeTarget;
			buildConfigurationList = BDEF6B961D798FFC002F3FBA /* Build configuration list for PBXNativeTarget "WebviewTests" */;
			buildPhases = (
				BDEF6B7B1D798FFC002F3FBA /* Sources */,
				BDEF6B7C1D798FFC002F3FBA /* Frameworks */,
				BDEF6B7D1D798FFC002F3FBA /* Resources */,
			);
			buildRules = (
			);
			dependencies = (
				BDEF6B811D798FFC002F3FBA /* PBXTargetDependency */,
			);
			name = WebviewTests;
			productName = WebviewTests;
			productReference = BDEF6B7F1D798FFC002F3FBA /* WebviewTests.xctest */;
			productType = "com.apple.product-type.bundle.unit-test";
		};
		BDEF6B891D798FFC002F3FBA /* WebviewUITests */ = {
			isa = PBXNativeTarget;
			buildConfigurationList = BDEF6B991D798FFC002F3FBA /* Build configuration list for PBXNativeTarget "WebviewUITests" */;
			buildPhases = (
				BDEF6B861D798FFC002F3FBA /* Sources */,
				BDEF6B871D798FFC002F3FBA /* Frameworks */,
				BDEF6B881D798FFC002F3FBA /* Resources */,
			);
			buildRules = (
			);
			dependencies = (
				BDEF6B8C1D798FFC002F3FBA /* PBXTargetDependency */,
			);
			name = WebviewUITests;
			productName = WebviewUITests;
			productReference = BDEF6B8A1D798FFC002F3FBA /* WebviewUITests.xctest */;
			productType = "com.apple.product-type.bundle.ui-testing";
		};
/* End PBXNativeTarget section */

/* Begin PBXProject section */
		BDEF6B631D798FFC002F3FBA /* Project object */ = {
			isa = PBXProject;
			attributes = {
				LastSwiftUpdateCheck = 0720;
				LastUpgradeCheck = 0720;
				ORGANIZATIONNAME = xiaofan;
				TargetAttributes = {
					BDEF6B6A1D798FFC002F3FBA = {
						CreatedOnToolsVersion = 7.2.1;
					};
					BDEF6B7E1D798FFC002F3FBA = {
						CreatedOnToolsVersion = 7.2.1;
						TestTargetID = BDEF6B6A1D798FFC002F3FBA;
					};
					BDEF6B891D798FFC002F3FBA = {
						CreatedOnToolsVersion = 7.2.1;
						TestTargetID = BDEF6B6A1D798FFC002F3FBA;
					};
				};
			};
			buildConfigurationList = BDEF6B661D798FFC002F3FBA /* Build configuration list for PBXProject "Webview" */;
			compatibilityVersion = "Xcode 3.2";
			developmentRegion = English;
			hasScannedForEncodings = 0;
			knownRegions = (
				en,
				Base,
			);
			mainGroup = BDEF6B621D798FFC002F3FBA;
			productRefGroup = BDEF6B6C1D798FFC002F3FBA /* Products */;
			projectDirPath = "";
			projectRoot = "";
			targets = (
				BDEF6B6A1D798FFC002F3FBA /* Webview */,
				BDEF6B7E1D798FFC002F3FBA /* WebviewTests */,
				BDEF6B891D798FFC002F3FBA /* WebviewUITests */,
			);
		};
/* End PBXProject section */

/* Begin PBXResourcesBuildPhase section */
		BDEF6B691D798FFC002F3FBA /* Resources */ = {
			isa = PBXResourcesBuildPhase;
			buildActionMask = 2147483647;
			files = (
				BDEF6B791D798FFC002F3FBA /* LaunchScreen.storyboard in Resources */,
				BDEF6B761D798FFC002F3FBA /* Assets.xcassets in Resources */,
				BDEF6B741D798FFC002F3FBA /* Main.storyboard in Resources */,
			);
			runOnlyForDeploymentPostprocessing = 0;
		};
		BDEF6B7D1D798FFC002F3FBA /* Resources */ = {
			isa = PBXResourcesBuildPhase;
			buildActionMask = 2147483647;
			files = (
			);
			runOnlyForDeploymentPostprocessing = 0;
		};
		BDEF6B881D798FFC002F3FBA /* Resources */ = {
			isa = PBXResourcesBuildPhase;
			buildActionMask = 2147483647;
			files = (
			);
			runOnlyForDeploymentPostprocessing = 0;
		};
/* End PBXResourcesBuildPhase section */

/* Begin PBXSourcesBuildPhase section */
		BDEF6B671D798FFC002F3FBA /* Sources */ = {
			isa = PBXSourcesBuildPhase;
			buildActionMask = 2147483647;
			files = (
				BDEF6B711D798FFC002F3FBA /* ViewController.swift in Sources */,
				BDEF6B6F1D798FFC002F3FBA /* AppDelegate.swift in Sources */,
			);
			runOnlyForDeploymentPostprocessing = 0;
		};
		BDEF6B7B1D798FFC002F3FBA /* Sources */ = {
			isa = PBXSourcesBuildPhase;
			buildActionMask = 2147483647;
			files = (
				BDEF6B841D798FFC002F3FBA /* WebviewTests.swift in Sources */,
			);
			runOnlyForDeploymentPostprocessing = 0;
		};
		BDEF6B861D798FFC002F3FBA /* Sources */ = {
			isa = PBXSourcesBuildPhase;
			buildActionMask = 2147483647;
			files = (
				BDEF6B8F1D798FFC002F3FBA /* WebviewUITests.swift in Sources */,
			);
			runOnlyForDeploymentPostprocessing = 0;
		};
/* End PBXSourcesBuildPhase section */

/* Begin PBXTargetDependency section */
		BDEF6B811D798FFC002F3FBA /* PBXTargetDependency */ = {
			isa = PBXTargetDependency;
			target = BDEF6B6A1D798FFC002F3FBA /* Webview */;
			targetProxy = BDEF6B801D798FFC002F3FBA /* PBXContainerItemProxy */;
		};
		BDEF6B8C1D798FFC002F3FBA /* PBXTargetDependency */ = {
			isa = PBXTargetDependency;
			target = BDEF6B6A1D798FFC002F3FBA /* Webview */;
			targetProxy = BDEF6B8B1D798FFC002F3FBA /* PBXContainerItemProxy */;
		};
/* End PBXTargetDependency section */

/* Begin PBXVariantGroup section */
		BDEF6B721D798FFC002F3FBA /* Main.storyboard */ = {
			isa = PBXVariantGroup;
			children = (
				BDEF6B731D798FFC002F3FBA /* Base */,
			);
			name = Main.storyboard;
			sourceTree = "<group>";
		};
		BDEF6B771D798FFC002F3FBA /* LaunchScreen.storyboard */ = {
			isa = PBXVariantGroup;
			children = (
				BDEF6B781D798FFC002F3FBA /* Base */,
			);
			name = LaunchScreen.storyboard;
			sourceTree = "<group>";
		};
/* End PBXVariantGroup section */

/* Begin XCBuildConfiguration section */
		BDEF6B911D798FFC002F3FBA /* Debug */ = {
			isa = XCBuildConfiguration;
			buildSettings = {
				ALWAYS_SEARCH_USER_PATHS = NO;
				CLANG_CXX_LANGUAGE_STANDARD = "gnu++0x";
				CLANG_CXX_LIBRARY = "libc++";
				CLANG_ENABLE_MODULES = YES;
				CLANG_ENABLE_OBJC_ARC = YES;
				CLANG_WARN_BOOL_CONVERSION = YES;
				CLANG_WARN_CONSTANT_CONVERSION = YES;
				CLANG_WARN_DIRECT_OBJC_ISA_USAGE = YES_ERROR;
				CLANG_WARN_EMPTY_BODY = YES;
				CLANG_WARN_ENUM_CONVERSION = YES;
				CLANG_WARN_INT_CONVERSION = YES;
				CLANG_WARN_OBJC_ROOT_CLASS = YES_ERROR;
				CLANG_WARN_UNREACHABLE_CODE = YES;
				CLANG_WARN__DUPLICATE_METHOD_MATCH = YES;
				"CODE_SIGN_IDENTITY[sdk=iphoneos*]" = "iPhone Developer";
				COPY_PHASE_STRIP = NO;
				DEBUG_INFORMATION_FORMAT = dwarf;
				ENABLE_STRICT_OBJC_MSGSEND = YES;
				ENABLE_TESTABILITY = YES;
				GCC_C_LANGUAGE_STANDARD = gnu99;
				GCC_DYNAMIC_NO_PIC = NO;
				GCC_NO_COMMON_BLOCKS = YES;
				GCC_OPTIMIZATION_LEVEL = 0;
				GCC_PREPROCESSOR_DEFINITIONS = (
					"DEBUG=1",
					"$(inherited)",
				);
				GCC_WARN_64_TO_32_BIT_CONVERSION = YES;
				GCC_WARN_ABOUT_RETURN_TYPE = YES_ERROR;
				GCC_WARN_UNDECLARED_SELECTOR = YES;
				GCC_WARN_UNINITIALIZED_AUTOS = YES_AGGRESSIVE;
				GCC_WARN_UNUSED_FUNCTION = YES;
				GCC_WARN_UNUSED_VARIABLE = YES;
				IPHONEOS_DEPLOYMENT_TARGET = 9.2;
				MTL_ENABLE_DEBUG_INFO = YES;
				ONLY_ACTIVE_ARCH = YES;
				SDKROOT = iphoneos;
				SWIFT_OPTIMIZATION_LEVEL = "-Onone";
			};
			name = Debug;
		};
		BDEF6B921D798FFC002F3FBA /* Release */ = {
			isa = XCBuildConfiguration;
			buildSettings = {
				ALWAYS_SEARCH_USER_PATHS = NO;
				CLANG_CXX_LANGUAGE_STANDARD = "gnu++0x";
				CLANG_CXX_LIBRARY = "libc++";
				CLANG_ENABLE_MODULES = YES;
				CLANG_ENABLE_OBJC_ARC = YES;
				CLANG_WARN_BOOL_CONVERSION = YES;
				CLANG_WARN_CONSTANT_CONVERSION = YES;
				CLANG_WARN_DIRECT_OBJC_ISA_USAGE = YES_ERROR;
				CLANG_WARN_EMPTY_BODY = YES;
				CLANG_WARN_ENUM_CONVERSION = YES;
				CLANG_WARN_INT_CONVERSION = YES;
				CLANG_WARN_OBJC_ROOT_CLASS = YES_ERROR;
				CLANG_WARN_UNREACHABLE_CODE = YES;
				CLANG_WARN__DUPLICATE_METHOD_MATCH = YES;
				"CODE_SIGN_IDENTITY[sdk=iphoneos*]" = "iPhone Developer";
				COPY_PHASE_STRIP = NO;
				DEBUG_INFORMATION_FORMAT = "dwarf-with-dsym";
				ENABLE_NS_ASSERTIONS = NO;
				ENABLE_STRICT_OBJC_MSGSEND = YES;
				GCC_C_LANGUAGE_STANDARD = gnu99;
				GCC_NO_COMMON_BLOCKS = YES;
				GCC_WARN_64_TO_32_BIT_CONVERSION = YES;
				GCC_WARN_ABOUT_RETURN_TYPE = YES_ERROR;
				GCC_WARN_UNDECLARED_SELECTOR = YES;
				GCC_WARN_UNINITIALIZED_AUTOS = YES_AGGRESSIVE;
				GCC_WARN_UNUSED_FUNCTION = YES;
				GCC_WARN_UNUSED_VARIABLE = YES;
				IPHONEOS_DEPLOYMENT_TARGET = 9.2;
				MTL_ENABLE_DEBUG_INFO = NO;
				SDKROOT = iphoneos;
				VALIDATE_PRODUCT = YES;
			};
			name = Release;
		};
		BDEF6B941D798FFC002F3FBA /* Debug */ = {
			isa = XCBuildConfiguration;
			buildSettings = {
				ASSETCATALOG_COMPILER_APPICON_NAME = AppIcon;
				INFOPLIST_FILE = Webview/Info.plist;
				LD_RUNPATH_SEARCH_PATHS = "$(inherited) @executable_path/Frameworks";
				PRODUCT_BUNDLE_IDENTIFIER = com.dvxiaofan.Webview;
				PRODUCT_NAME = "$(TARGET_NAME)";
			};
			name = Debug;
		};
		BDEF6B951D798FFC002F3FBA /* Release */ = {
			isa = XCBuildConfiguration;
			buildSettings = {
				ASSETCATALOG_COMPILER_APPICON_NAME = AppIcon;
				INFOPLIST_FILE = Webview/Info.plist;
				LD_RUNPATH_SEARCH_PATHS = "$(inherited) @executable_path/Frameworks";
				PRODUCT_BUNDLE_IDENTIFIER = com.dvxiaofan.Webview;
				PRODUCT_NAME = "$(TARGET_NAME)";
			};
			name = Release;
		};
		BDEF6B971D798FFC002F3FBA /* Debug */ = {
			isa = XCBuildConfiguration;
			buildSettings = {
				BUNDLE_LOADER = "$(TEST_HOST)";
				INFOPLIST_FILE = WebviewTests/Info.plist;
				LD_RUNPATH_SEARCH_PATHS = "$(inherited) @executable_path/Frameworks @loader_path/Frameworks";
				PRODUCT_BUNDLE_IDENTIFIER = com.dvxiaofan.WebviewTests;
				PRODUCT_NAME = "$(TARGET_NAME)";
				TEST_HOST = "$(BUILT_PRODUCTS_DIR)/Webview.app/Webview";
			};
			name = Debug;
		};
		BDEF6B981D798FFC002F3FBA /* Release */ = {
			isa = XCBuildConfiguration;
			buildSettings = {
				BUNDLE_LOADER = "$(TEST_HOST)";
				INFOPLIST_FILE = WebviewTests/Info.plist;
				LD_RUNPATH_SEARCH_PATHS = "$(inherited) @executable_path/Frameworks @loader_path/Frameworks";
				PRODUCT_BUNDLE_IDENTIFIER = com.dvxiaofan.WebviewTests;
				PRODUCT_NAME = "$(TARGET_NAME)";
				TEST_HOST = "$(BUILT_PRODUCTS_DIR)/Webview.app/Webview";
			};
			name = Release;
		};
		BDEF6B9A1D798FFC002F3FBA /* Debug */ = {
			isa = XCBuildConfiguration;
			buildSettings = {
				INFOPLIST_FILE = WebviewUITests/Info.plist;
				LD_RUNPATH_SEARCH_PATHS = "$(inherited) @executable_path/Frameworks @loader_path/Frameworks";
				PRODUCT_BUNDLE_IDENTIFIER = com.dvxiaofan.WebviewUITests;
				PRODUCT_NAME = "$(TARGET_NAME)";
				TEST_TARGET_NAME = Webview;
				USES_XCTRUNNER = YES;
			};
			name = Debug;
		};
		BDEF6B9B1D798FFC002F3FBA /* Release */ = {
			isa = XCBuildConfiguration;
			buildSettings = {
				INFOPLIST_FILE = WebviewUITests/Info.plist;
				LD_RUNPATH_SEARCH_PATHS = "$(inherited) @executable_path/Frameworks @loader_path/Frameworks";
				PRODUCT_BUNDLE_IDENTIFIER = com.dvxiaofan.WebviewUITests;
				PRODUCT_NAME = "$(TARGET_NAME)";
				TEST_TARGET_NAME = Webview;
				USES_XCTRUNNER = YES;
			};
			name = Release;
		};
/* End XCBuildConfiguration section */

/* Begin XCConfigurationList section */
		BDEF6B661D798FFC002F3FBA /* Build configuration list for PBXProject "Webview" */ = {
			isa = XCConfigurationList;
			buildConfigurations = (
				BDEF6B911D798FFC002F3FBA /* Debug */,
				BDEF6B921D798FFC002F3FBA /* Release */,
			);
			defaultConfigurationIsVisible = 0;
			defaultConfigurationName = Release;
		};
		BDEF6B931D798FFC002F3FBA /* Build configuration list for PBXNativeTarget "Webview" */ = {
			isa = XCConfigurationList;
			buildConfigurations = (
				BDEF6B941D798FFC002F3FBA /* Debug */,
				BDEF6B951D798FFC002F3FBA /* Release */,
			);
			defaultConfigurationIsVisible = 0;
		};
		BDEF6B961D798FFC002F3FBA /* Build configuration list for PBXNativeTarget "WebviewTests" */ = {
			isa = XCConfigurationList;
			buildConfigurations = (
				BDEF6B971D798FFC002F3FBA /* Debug */,
				BDEF6B981D798FFC002F3FBA /* Release */,
			);
			defaultConfigurationIsVisible = 0;
		};
		BDEF6B991D798FFC002F3FBA /* Build configuration list for PBXNativeTarget "WebviewUITests" */ = {
			isa = XCConfigurationList;
			buildConfigurations = (
				BDEF6B9A1D798FFC002F3FBA /* Debug */,
				BDEF6B9B1D798FFC002F3FBA /* Release */,
			);
			defaultConfigurationIsVisible = 0;
		};
/* End XCConfigurationList section */
	};
	rootObject = BDEF6B631D798FFC002F3FBA /* Project object */;
}
